// !$*UTF8*$!
{
	archiveVersion = 1;
	classes = {
	};
	objectVersion = 46;
	objects = {

/* Begin PBXBuildFile section */
		930816CF1A2D066D00E90627 /* AVFoundation.framework in Frameworks */ = {isa = PBXBuildFile; fileRef = 930816CE1A2D066D00E90627 /* AVFoundation.framework */; };
		9322E9D91A2D3E8500F1F577 /* droppiece.caf in Resources */ = {isa = PBXBuildFile; fileRef = 9322E9D81A2D3E8500F1F577 /* droppiece.caf */; };
		934DDE621A2936350089A389 /* main.m in Sources */ = {isa = PBXBuildFile; fileRef = 934DDE611A2936350089A389 /* main.m */; };
		934DDE651A2936350089A389 /* AppDelegate.m in Sources */ = {isa = PBXBuildFile; fileRef = 934DDE641A2936350089A389 /* AppDelegate.m */; };
		934DDE681A2936350089A389 /* ViewController.m in Sources */ = {isa = PBXBuildFile; fileRef = 934DDE671A2936350089A389 /* ViewController.m */; };
		934DDE6D1A2936350089A389 /* Images.xcassets in Resources */ = {isa = PBXBuildFile; fileRef = 934DDE6C1A2936350089A389 /* Images.xcassets */; };
		934DDE7C1A2936350089A389 /* INFC4Tests.m in Sources */ = {isa = PBXBuildFile; fileRef = 934DDE7B1A2936350089A389 /* INFC4Tests.m */; };
/* End PBXBuildFile section */

/* Begin PBXContainerItemProxy section */
		934DDE761A2936350089A389 /* PBXContainerItemProxy */ = {
			isa = PBXContainerItemProxy;
			containerPortal = 934DDE541A2936350089A389 /* Project object */;
			proxyType = 1;
			remoteGlobalIDString = 934DDE5B1A2936350089A389;
			remoteInfo = INFC4;
		};
/* End PBXContainerItemProxy section */

/* Begin PBXFileReference section */
		930816CC1A2D044100E90627 /* droppiece.wav */ = {isa = PBXFileReference; lastKnownFileType = audio.wav; name = droppiece.wav; path = INFC4/droppiece.wav; sourceTree = "<group>"; };
		930816CE1A2D066D00E90627 /* AVFoundation.framework */ = {isa = PBXFileReference; lastKnownFileType = wrapper.framework; name = AVFoundation.framework; path = System/Library/Frameworks/AVFoundation.framework; sourceTree = SDKROOT; };
		9322E9D81A2D3E8500F1F577 /* droppiece.caf */ = {isa = PBXFileReference; lastKnownFileType = file; name = droppiece.caf; path = INFC4/droppiece.caf; sourceTree = "<group>"; };
		934DDE5C1A2936350089A389 /* INFC4.app */ = {isa = PBXFileReference; explicitFileType = wrapper.application; includeInIndex = 0; path = INFC4.app; sourceTree = BUILT_PRODUCTS_DIR; };
		934DDE601A2936350089A389 /* Info.plist */ = {isa = PBXFileReference; lastKnownFileType = text.plist.xml; path = Info.plist; sourceTree = "<group>"; };
		934DDE611A2936350089A389 /* main.m */ = {isa = PBXFileReference; lastKnownFileType = sourcecode.c.objc; path = main.m; sourceTree = "<group>"; };
		934DDE631A2936350089A389 /* AppDelegate.h */ = {isa = PBXFileReference; lastKnownFileType = sourcecode.c.h; path = AppDelegate.h; sourceTree = "<group>"; };
		934DDE641A2936350089A389 /* AppDelegate.m */ = {isa = PBXFileReference; lastKnownFileType = sourcecode.c.objc; path = AppDelegate.m; sourceTree = "<group>"; };
		934DDE661A2936350089A389 /* ViewController.h */ = {isa = PBXFileReference; lastKnownFileType = sourcecode.c.h; path = ViewController.h; sourceTree = "<group>"; };
		934DDE671A2936350089A389 /* ViewController.m */ = {isa = PBXFileReference; lastKnownFileType = sourcecode.c.objc; path = ViewController.m; sourceTree = "<group>"; };
		934DDE6C1A2936350089A389 /* Images.xcassets */ = {isa = PBXFileReference; lastKnownFileType = folder.assetcatalog; path = Images.xcassets; sourceTree = "<group>"; };
		934DDE6F1A2936350089A389 /* Base */ = {isa = PBXFileReference; lastKnownFileType = file.xib; name = Base; path = Base.lproj/LaunchScreen.xib; sourceTree = "<group>"; };
		934DDE751A2936350089A389 /* INFC4Tests.xctest */ = {isa = PBXFileReference; explicitFileType = wrapper.cfbundle; includeInIndex = 0; path = INFC4Tests.xctest; sourceTree = BUILT_PRODUCTS_DIR; };
		934DDE7A1A2936350089A389 /* Info.plist */ = {isa = PBXFileReference; lastKnownFileType = text.plist.xml; path = Info.plist; sourceTree = "<group>"; };
		934DDE7B1A2936350089A389 /* INFC4Tests.m */ = {isa = PBXFileReference; lastKnownFileType = sourcecode.c.objc; path = INFC4Tests.m; sourceTree = "<group>"; };
/* End PBXFileReference section */

/* Begin PBXFrameworksBuildPhase section */
		934DDE591A2936350089A389 /* Frameworks */ = {
			isa = PBXFrameworksBuildPhase;
			buildActionMask = 2147483647;
			files = (
				930816CF1A2D066D00E90627 /* AVFoundation.framework in Frameworks */,
			);
			runOnlyForDeploymentPostprocessing = 0;
		};
		934DDE721A2936350089A389 /* Frameworks */ = {
			isa = PBXFrameworksBuildPhase;
			buildActionMask = 2147483647;
			files = (
			);
			runOnlyForDeploymentPostprocessing = 0;
		};
/* End PBXFrameworksBuildPhase section */

/* Begin PBXGroup section */
		934DDE531A2936350089A389 = {
			isa = PBXGroup;
			children = (
				930816CE1A2D066D00E90627 /* AVFoundation.framework */,
				930816CC1A2D044100E90627 /* droppiece.wav */,
				9322E9D81A2D3E8500F1F577 /* droppiece.caf */,
				934DDE5E1A2936350089A389 /* INFC4 */,
				934DDE781A2936350089A389 /* INFC4Tests */,
				934DDE5D1A2936350089A389 /* Products */,
			);
			sourceTree = "<group>";
		};
		934DDE5D1A2936350089A389 /* Products */ = {
			isa = PBXGroup;
			children = (
				934DDE5C1A2936350089A389 /* INFC4.app */,
				934DDE751A2936350089A389 /* INFC4Tests.xctest */,
			);
			name = Products;
			sourceTree = "<group>";
		};
		934DDE5E1A2936350089A389 /* INFC4 */ = {
			isa = PBXGroup;
			children = (
				934DDE631A2936350089A389 /* AppDelegate.h */,
				934DDE641A2936350089A389 /* AppDelegate.m */,
				934DDE661A2936350089A389 /* ViewController.h */,
				934DDE671A2936350089A389 /* ViewController.m */,
				934DDE6C1A2936350089A389 /* Images.xcassets */,
				934DDE6E1A2936350089A389 /* LaunchScreen.xib */,
				934DDE5F1A2936350089A389 /* Supporting Files */,
			);
			path = INFC4;
			sourceTree = "<group>";
		};
		934DDE5F1A2936350089A389 /* Supporting Files */ = {
			isa = PBXGroup;
			children = (
				934DDE601A2936350089A389 /* Info.plist */,
				934DDE611A2936350089A389 /* main.m */,
			);
			name = "Supporting Files";
			sourceTree = "<group>";
		};
		934DDE781A2936350089A389 /* INFC4Tests */ = {
			isa = PBXGroup;
			children = (
				934DDE7B1A2936350089A389 /* INFC4Tests.m */,
				934DDE791A2936350089A389 /* Supporting Files */,
			);
			path = INFC4Tests;
			sourceTree = "<group>";
		};
		934DDE791A2936350089A389 /* Supporting Files */ = {
			isa = PBXGroup;
			children = (
				934DDE7A1A2936350089A389 /* Info.plist */,
			);
			name = "Supporting Files";
			sourceTree = "<group>";
		};
/* End PBXGroup section */

/* Begin PBXNativeTarget section */
		934DDE5B1A2936350089A389 /* INFC4 */ = {
			isa = PBXNativeTarget;
			buildConfigurationList = 934DDE7F1A2936350089A389 /* Build configuration list for PBXNativeTarget "INFC4" */;
			buildPhases = (
				934DDE581A2936350089A389 /* Sources */,
				934DDE591A2936350089A389 /* Frameworks */,
				934DDE5A1A2936350089A389 /* Resources */,
			);
			buildRules = (
			);
			dependencies = (
			);
			name = INFC4;
			productName = INFC4;
			productReference = 934DDE5C1A2936350089A389 /* INFC4.app */;
			productType = "com.apple.product-type.application";
		};
		934DDE741A2936350089A389 /* INFC4Tests */ = {
			isa = PBXNativeTarget;
			buildConfigurationList = 934DDE821A2936350089A389 /* Build configuration list for PBXNativeTarget "INFC4Tests" */;
			buildPhases = (
				934DDE711A2936350089A389 /* Sources */,
				934DDE721A2936350089A389 /* Frameworks */,
				934DDE731A2936350089A389 /* Resources */,
			);
			buildRules = (
			);
			dependencies = (
				934DDE771A2936350089A389 /* PBXTargetDependency */,
			);
			name = INFC4Tests;
			productName = INFC4Tests;
			productReference = 934DDE751A2936350089A389 /* INFC4Tests.xctest */;
			productType = "com.apple.product-type.bundle.unit-test";
		};
/* End PBXNativeTarget section */

/* Begin PBXProject section */
		934DDE541A2936350089A389 /* Project object */ = {
			isa = PBXProject;
			attributes = {
				LastUpgradeCheck = 0610;
				ORGANIZATIONNAME = "Matthew Ebeweber";
				TargetAttributes = {
					934DDE5B1A2936350089A389 = {
						CreatedOnToolsVersion = 6.1;
						DevelopmentTeam = 8S2TV5442Y;
					};
					934DDE741A2936350089A389 = {
						CreatedOnToolsVersion = 6.1;
						TestTargetID = 934DDE5B1A2936350089A389;
					};
				};
			};
			buildConfigurationList = 934DDE571A2936350089A389 /* Build configuration list for PBXProject "INFC4" */;
			compatibilityVersion = "Xcode 3.2";
			developmentRegion = English;
			hasScannedForEncodings = 0;
			knownRegions = (
				en,
				Base,
			);
			mainGroup = 934DDE531A2936350089A389;
			productRefGroup = 934DDE5D1A2936350089A389 /* Products */;
			projectDirPath = "";
			projectRoot = "";
			targets = (
				934DDE5B1A2936350089A389 /* INFC4 */,
				934DDE741A2936350089A389 /* INFC4Tests */,
			);
		};
/* End PBXProject section */

/* Begin PBXResourcesBuildPhase section */
		934DDE5A1A2936350089A389 /* Resources */ = {
			isa = PBXResourcesBuildPhase;
			buildActionMask = 2147483647;
			files = (
				9322E9D91A2D3E8500F1F577 /* droppiece.caf in Resources */,
				934DDE6D1A2936350089A389 /* Images.xcassets in Resources */,
			);
			runOnlyForDeploymentPostprocessing = 0;
		};
		934DDE731A2936350089A389 /* Resources */ = {
			isa = PBXResourcesBuildPhase;
			buildActionMask = 2147483647;
			files = (
			);
			runOnlyForDeploymentPostprocessing = 0;
		};
/* End PBXResourcesBuildPhase section */

/* Begin PBXSourcesBuildPhase section */
		934DDE581A2936350089A389 /* Sources */ = {
			isa = PBXSourcesBuildPhase;
			buildActionMask = 2147483647;
			files = (
				934DDE681A2936350089A389 /* ViewController.m in Sources */,
				934DDE651A2936350089A389 /* AppDelegate.m in Sources */,
				934DDE621A2936350089A389 /* main.m in Sources */,
			);
			runOnlyForDeploymentPostprocessing = 0;
		};
		934DDE711A2936350089A389 /* Sources */ = {
			isa = PBXSourcesBuildPhase;
			buildActionMask = 2147483647;
			files = (
				934DDE7C1A2936350089A389 /* INFC4Tests.m in Sources */,
			);
			runOnlyForDeploymentPostprocessing = 0;
		};
/* End PBXSourcesBuildPhase section */

/* Begin PBXTargetDependency section */
		934DDE771A2936350089A389 /* PBXTargetDependency */ = {
			isa = PBXTargetDependency;
			target = 934DDE5B1A2936350089A389 /* INFC4 */;
			targetProxy = 934DDE761A2936350089A389 /* PBXContainerItemProxy */;
		};
/* End PBXTargetDependency section */

/* Begin PBXVariantGroup section */
		934DDE6E1A2936350089A389 /* LaunchScreen.xib */ = {
			isa = PBXVariantGroup;
			children = (
				934DDE6F1A2936350089A389 /* Base */,
			);
			name = LaunchScreen.xib;
			sourceTree = "<group>";
		};
/* End PBXVariantGroup section */

/* Begin XCBuildConfiguration section */
		934DDE7D1A2936350089A389 /* Debug */ = {
			isa = XCBuildConfiguration;
			buildSettings = {
				ALWAYS_SEARCH_USER_PATHS = NO;
				CLANG_CXX_LANGUAGE_STANDARD = "gnu++0x";
				CLANG_CXX_LIBRARY = "libc++";
				CLANG_ENABLE_MODULES = YES;
				CLANG_ENABLE_OBJC_ARC = YES;
				CLANG_WARN_BOOL_CONVERSION = YES;
				CLANG_WARN_CONSTANT_CONVERSION = YES;
				CLANG_WARN_DIRECT_OBJC_ISA_USAGE = YES_ERROR;
				CLANG_WARN_EMPTY_BODY = YES;
				CLANG_WARN_ENUM_CONVERSION = YES;
				CLANG_WARN_INT_CONVERSION = YES;
				CLANG_WARN_OBJC_ROOT_CLASS = YES_ERROR;
				CLANG_WARN_UNREACHABLE_CODE = YES;
				CLANG_WARN__DUPLICATE_METHOD_MATCH = YES;
				"CODE_SIGN_IDENTITY[sdk=iphoneos*]" = "iPhone Developer";
				COPY_PHASE_STRIP = NO;
				ENABLE_STRICT_OBJC_MSGSEND = YES;
				GCC_C_LANGUAGE_STANDARD = gnu99;
				GCC_DYNAMIC_NO_PIC = NO;
				GCC_OPTIMIZATION_LEVEL = 0;
				GCC_PREPROCESSOR_DEFINITIONS = (
					"DEBUG=1",
					"$(inherited)",
				);
				GCC_SYMBOLS_PRIVATE_EXTERN = NO;
				GCC_WARN_64_TO_32_BIT_CONVERSION = YES;
				GCC_WARN_ABOUT_RETURN_TYPE = YES_ERROR;
				GCC_WARN_UNDECLARED_SELECTOR = YES;
				GCC_WARN_UNINITIALIZED_AUTOS = YES_AGGRESSIVE;
				GCC_WARN_UNUSED_FUNCTION = YES;
				GCC_WARN_UNUSED_VARIABLE = YES;
				IPHONEOS_DEPLOYMENT_TARGET = 8.1;
				MTL_ENABLE_DEBUG_INFO = YES;
				ONLY_ACTIVE_ARCH = YES;
				SDKROOT = iphoneos;
			};
			name = Debug;
		};
		934DDE7E1A2936350089A389 /* Release */ = {
			isa = XCBuildConfiguration;
			buildSettings = {
				ALWAYS_SEARCH_USER_PATHS = NO;
				CLANG_CXX_LANGUAGE_STANDARD = "gnu++0x";
				CLANG_CXX_LIBRARY = "libc++";
				CLANG_ENABLE_MODULES = YES;
				CLANG_ENABLE_OBJC_ARC = YES;
				CLANG_WARN_BOOL_CONVERSION = YES;
				CLANG_WARN_CONSTANT_CONVERSION = YES;
				CLANG_WARN_DIRECT_OBJC_ISA_USAGE = YES_ERROR;
				CLANG_WARN_EMPTY_BODY = YES;
				CLANG_WARN_ENUM_CONVERSION = YES;
				CLANG_WARN_INT_CONVERSION = YES;
				CLANG_WARN_OBJC_ROOT_CLASS = YES_ERROR;
				CLANG_WARN_UNREACHABLE_CODE = YES;
				CLANG_WARN__DUPLICATE_METHOD_MATCH = YES;
				"CODE_SIGN_IDENTITY[sdk=iphoneos*]" = "iPhone Developer";
				COPY_PHASE_STRIP = YES;
				ENABLE_NS_ASSERTIONS = NO;
				ENABLE_STRICT_OBJC_MSGSEND = YES;
				GCC_C_LANGUAGE_STANDARD = gnu99;
				GCC_WARN_64_TO_32_BIT_CONVERSION = YES;
				GCC_WARN_ABOUT_RETURN_TYPE = YES_ERROR;
				GCC_WARN_UNDECLARED_SELECTOR = YES;
				GCC_WARN_UNINITIALIZED_AUTOS = YES_AGGRESSIVE;
				GCC_WARN_UNUSED_FUNCTION = YES;
				GCC_WARN_UNUSED_VARIABLE = YES;
				IPHONEOS_DEPLOYMENT_TARGET = 8.1;
				MTL_ENABLE_DEBUG_INFO = NO;
				SDKROOT = iphoneos;
				VALIDATE_PRODUCT = YES;
			};
			name = Release;
		};
		934DDE801A2936350089A389 /* Debug */ = {
			isa = XCBuildConfiguration;
			buildSettings = {
				ASSETCATALOG_COMPILER_APPICON_NAME = AppIcon;
				CODE_SIGN_IDENTITY = "iPhone Developer";
				"CODE_SIGN_IDENTITY[sdk=iphoneos*]" = "iPhone Developer";
				INFOPLIST_FILE = INFC4/Info.plist;
				LD_RUNPATH_SEARCH_PATHS = "$(inherited) @executable_path/Frameworks";
				PRODUCT_NAME = "$(TARGET_NAME)";
				PROVISIONING_PROFILE = "";
			};
			name = Debug;
		};
		934DDE811A2936350089A389 /* Release */ = {
			isa = XCBuildConfiguration;
			buildSettings = {
				ASSETCATALOG_COMPILER_APPICON_NAME = AppIcon;
				CODE_SIGN_IDENTITY = "iPhone Developer";
				"CODE_SIGN_IDENTITY[sdk=iphoneos*]" = "iPhone Developer";
				INFOPLIST_FILE = INFC4/Info.plist;
				LD_RUNPATH_SEARCH_PATHS = "$(inherited) @executable_path/Frameworks";
				PRODUCT_NAME = "$(TARGET_NAME)";
				PROVISIONING_PROFILE = "";
			};
			name = Release;
		};
		934DDE831A2936350089A389 /* Debug */ = {
			isa = XCBuildConfiguration;
			buildSettings = {
				BUNDLE_LOADER = "$(TEST_HOST)";
				FRAMEWORK_SEARCH_PATHS = (
					"$(SDKROOT)/Developer/Library/Frameworks",
					"$(inherited)",
				);
				GCC_PREPROCESSOR_DEFINITIONS = (
					"DEBUG=1",
					"$(inherited)",
				);
				INFOPLIST_FILE = INFC4Tests/Info.plist;
				LD_RUNPATH_SEARCH_PATHS = "$(inherited) @executable_path/Frameworks @loader_path/Frameworks";
				PRODUCT_NAME = "$(TARGET_NAME)";
				TEST_HOST = "$(BUILT_PRODUCTS_DIR)/INFC4.app/INFC4";
			};
			name = Debug;
		};
		934DDE841A2936350089A389 /* Release */ = {
			isa = XCBuildConfiguration;
			buildSettings = {
				BUNDLE_LOADER = "$(TEST_HOST)";
				FRAMEWORK_SEARCH_PATHS = (
					"$(SDKROOT)/Developer/Library/Frameworks",
					"$(inherited)",
				);
				INFOPLIST_FILE = INFC4Tests/Info.plist;
				LD_RUNPATH_SEARCH_PATHS = "$(inherited) @executable_path/Frameworks @loader_path/Frameworks";
				PRODUCT_NAME = "$(TARGET_NAME)";
				TEST_HOST = "$(BUILT_PRODUCTS_DIR)/INFC4.app/INFC4";
			};
			name = Release;
		};
/* End XCBuildConfiguration section */

/* Begin XCConfigurationList section */
		934DDE571A2936350089A389 /* Build configuration list for PBXProject "INFC4" */ = {
			isa = XCConfigurationList;
			buildConfigurations = (
				934DDE7D1A2936350089A389 /* Debug */,
				934DDE7E1A2936350089A389 /* Release */,
			);
			defaultConfigurationIsVisible = 0;
			defaultConfigurationName = Release;
		};
		934DDE7F1A2936350089A389 /* Build configuration list for PBXNativeTarget "INFC4" */ = {
			isa = XCConfigurationList;
			buildConfigurations = (
				934DDE801A2936350089A389 /* Debug */,
				934DDE811A2936350089A389 /* Release */,
			);
			defaultConfigurationIsVisible = 0;
			defaultConfigurationName = Release;
		};
		934DDE821A2936350089A389 /* Build configuration list for PBXNativeTarget "INFC4Tests" */ = {
			isa = XCConfigurationList;
			buildConfigurations = (
				934DDE831A2936350089A389 /* Debug */,
				934DDE841A2936350089A389 /* Release */,
			);
			defaultConfigurationIsVisible = 0;
			defaultConfigurationName = Release;
		};
/* End XCConfigurationList section */
	};
	rootObject = 934DDE541A2936350089A389 /* Project object */;
}
